// !$*UTF8*$!
{
	archiveVersion = 1;
	classes = {
	};
	objectVersion = 56;
	objects = {

/* Begin PBXBuildFile section */
		C92FA7AB2A2F6E5000110696 /* IntroPageView.swift in Sources */ = {isa = PBXBuildFile; fileRef = C92FA7AA2A2F6E5000110696 /* IntroPageView.swift */; };
		C92FA7AE2A2F729F00110696 /* CustomButton.swift in Sources */ = {isa = PBXBuildFile; fileRef = C92FA7AD2A2F729F00110696 /* CustomButton.swift */; };
		C92FA7B02A2F76B800110696 /* ViewUtilites.swift in Sources */ = {isa = PBXBuildFile; fileRef = C92FA7AF2A2F76B800110696 /* ViewUtilites.swift */; };
		C95A6B072A390F73007E3799 /* IndividualDocView.swift in Sources */ = {isa = PBXBuildFile; fileRef = C95A6B062A390F73007E3799 /* IndividualDocView.swift */; };
		C95A6B092A391640007E3799 /* IndividualDocViewController.swift in Sources */ = {isa = PBXBuildFile; fileRef = C95A6B082A391640007E3799 /* IndividualDocViewController.swift */; };
		C9C52C872A3CD63A00603F8D /* .gitignore in Resources */ = {isa = PBXBuildFile; fileRef = C9C52C862A3CD63A00603F8D /* .gitignore */; };
		C9C52C892A3CE94D00603F8D /* TableViewImageCell.swift in Sources */ = {isa = PBXBuildFile; fileRef = C9C52C882A3CE94D00603F8D /* TableViewImageCell.swift */; };
		C9C52C8B2A3D075C00603F8D /* GoogleService-Info.plist in Resources */ = {isa = PBXBuildFile; fileRef = C9C52C8A2A3D075C00603F8D /* GoogleService-Info.plist */; };
		C9C52C8E2A3D083C00603F8D /* FirebaseAuth in Frameworks */ = {isa = PBXBuildFile; productRef = C9C52C8D2A3D083C00603F8D /* FirebaseAuth */; };
		C9C52C902A3D083C00603F8D /* FirebaseFirestore in Frameworks */ = {isa = PBXBuildFile; productRef = C9C52C8F2A3D083C00603F8D /* FirebaseFirestore */; };
		C9C52C922A3D083C00603F8D /* FirebaseFirestoreSwift in Frameworks */ = {isa = PBXBuildFile; productRef = C9C52C912A3D083C00603F8D /* FirebaseFirestoreSwift */; };
		C9C52C942A3D083C00603F8D /* FirebaseStorage in Frameworks */ = {isa = PBXBuildFile; productRef = C9C52C932A3D083C00603F8D /* FirebaseStorage */; };
		C9C52C972A3D1C2200603F8D /* LandingPageView.swift in Sources */ = {isa = PBXBuildFile; fileRef = C9C52C962A3D1C2200603F8D /* LandingPageView.swift */; };
		C9C637602A2C435A003CD6D2 /* ColorPalette.swift in Sources */ = {isa = PBXBuildFile; fileRef = C9C6375F2A2C435A003CD6D2 /* ColorPalette.swift */; };
		C9EF42DB2A26C5EB0037CEF4 /* AppDelegate.swift in Sources */ = {isa = PBXBuildFile; fileRef = C9EF42DA2A26C5EB0037CEF4 /* AppDelegate.swift */; };
		C9EF42DD2A26C5EB0037CEF4 /* SceneDelegate.swift in Sources */ = {isa = PBXBuildFile; fileRef = C9EF42DC2A26C5EB0037CEF4 /* SceneDelegate.swift */; };
		C9EF42DF2A26C5EB0037CEF4 /* ViewController.swift in Sources */ = {isa = PBXBuildFile; fileRef = C9EF42DE2A26C5EB0037CEF4 /* ViewController.swift */; };
		C9EF42E22A26C5EB0037CEF4 /* Main.storyboard in Resources */ = {isa = PBXBuildFile; fileRef = C9EF42E02A26C5EB0037CEF4 /* Main.storyboard */; };
		C9EF42E42A26C5EC0037CEF4 /* Assets.xcassets in Resources */ = {isa = PBXBuildFile; fileRef = C9EF42E32A26C5EC0037CEF4 /* Assets.xcassets */; };
		C9EF42E72A26C5EC0037CEF4 /* LaunchScreen.storyboard in Resources */ = {isa = PBXBuildFile; fileRef = C9EF42E52A26C5EC0037CEF4 /* LaunchScreen.storyboard */; };
/* End PBXBuildFile section */

/* Begin PBXFileReference section */
		C92FA7AA2A2F6E5000110696 /* IntroPageView.swift */ = {isa = PBXFileReference; lastKnownFileType = sourcecode.swift; path = IntroPageView.swift; sourceTree = "<group>"; };
		C92FA7AD2A2F729F00110696 /* CustomButton.swift */ = {isa = PBXFileReference; lastKnownFileType = sourcecode.swift; path = CustomButton.swift; sourceTree = "<group>"; };
		C92FA7AF2A2F76B800110696 /* ViewUtilites.swift */ = {isa = PBXFileReference; lastKnownFileType = sourcecode.swift; path = ViewUtilites.swift; sourceTree = "<group>"; };
		C95A6B062A390F73007E3799 /* IndividualDocView.swift */ = {isa = PBXFileReference; lastKnownFileType = sourcecode.swift; path = IndividualDocView.swift; sourceTree = "<group>"; };
		C95A6B082A391640007E3799 /* IndividualDocViewController.swift */ = {isa = PBXFileReference; lastKnownFileType = sourcecode.swift; path = IndividualDocViewController.swift; sourceTree = "<group>"; };
		C9C52C862A3CD63A00603F8D /* .gitignore */ = {isa = PBXFileReference; lastKnownFileType = text; path = .gitignore; sourceTree = "<group>"; };
		C9C52C882A3CE94D00603F8D /* TableViewImageCell.swift */ = {isa = PBXFileReference; lastKnownFileType = sourcecode.swift; path = TableViewImageCell.swift; sourceTree = "<group>"; };
		C9C52C8A2A3D075C00603F8D /* GoogleService-Info.plist */ = {isa = PBXFileReference; fileEncoding = 4; lastKnownFileType = text.plist.xml; path = "GoogleService-Info.plist"; sourceTree = "<group>"; };
		C9C52C962A3D1C2200603F8D /* LandingPageView.swift */ = {isa = PBXFileReference; lastKnownFileType = sourcecode.swift; path = LandingPageView.swift; sourceTree = "<group>"; };
		C9C6375F2A2C435A003CD6D2 /* ColorPalette.swift */ = {isa = PBXFileReference; lastKnownFileType = sourcecode.swift; path = ColorPalette.swift; sourceTree = "<group>"; };
		C9C637642A2C43DA003CD6D2 /* Imprima-Regular.ttf */ = {isa = PBXFileReference; lastKnownFileType = file; path = "Imprima-Regular.ttf"; sourceTree = "<group>"; };
		C9EF42D72A26C5EB0037CEF4 /* traveltrove.app */ = {isa = PBXFileReference; explicitFileType = wrapper.application; includeInIndex = 0; path = traveltrove.app; sourceTree = BUILT_PRODUCTS_DIR; };
		C9EF42DA2A26C5EB0037CEF4 /* AppDelegate.swift */ = {isa = PBXFileReference; lastKnownFileType = sourcecode.swift; path = AppDelegate.swift; sourceTree = "<group>"; };
		C9EF42DC2A26C5EB0037CEF4 /* SceneDelegate.swift */ = {isa = PBXFileReference; lastKnownFileType = sourcecode.swift; path = SceneDelegate.swift; sourceTree = "<group>"; };
		C9EF42DE2A26C5EB0037CEF4 /* ViewController.swift */ = {isa = PBXFileReference; lastKnownFileType = sourcecode.swift; path = ViewController.swift; sourceTree = "<group>"; };
		C9EF42E12A26C5EB0037CEF4 /* Base */ = {isa = PBXFileReference; lastKnownFileType = file.storyboard; name = Base; path = Base.lproj/Main.storyboard; sourceTree = "<group>"; };
		C9EF42E32A26C5EC0037CEF4 /* Assets.xcassets */ = {isa = PBXFileReference; lastKnownFileType = folder.assetcatalog; path = Assets.xcassets; sourceTree = "<group>"; };
		C9EF42E62A26C5EC0037CEF4 /* Base */ = {isa = PBXFileReference; lastKnownFileType = file.storyboard; name = Base; path = Base.lproj/LaunchScreen.storyboard; sourceTree = "<group>"; };
		C9EF42E82A26C5EC0037CEF4 /* Info.plist */ = {isa = PBXFileReference; lastKnownFileType = text.plist.xml; path = Info.plist; sourceTree = "<group>"; };
/* End PBXFileReference section */

/* Begin PBXFrameworksBuildPhase section */
		C9EF42D42A26C5EB0037CEF4 /* Frameworks */ = {
			isa = PBXFrameworksBuildPhase;
			buildActionMask = 2147483647;
			files = (
				C9C52C8E2A3D083C00603F8D /* FirebaseAuth in Frameworks */,
				C9C52C942A3D083C00603F8D /* FirebaseStorage in Frameworks */,
				C9C52C902A3D083C00603F8D /* FirebaseFirestore in Frameworks */,
				C9C52C922A3D083C00603F8D /* FirebaseFirestoreSwift in Frameworks */,
			);
			runOnlyForDeploymentPostprocessing = 0;
		};
/* End PBXFrameworksBuildPhase section */

/* Begin PBXGroup section */
		C92FA7A92A2F6E1400110696 /* Intro Page */ = {
			isa = PBXGroup;
			children = (
				C92FA7AA2A2F6E5000110696 /* IntroPageView.swift */,
			);
			path = "Intro Page";
			sourceTree = "<group>";
		};
		C95A6B052A390F33007E3799 /* Individual Document */ = {
			isa = PBXGroup;
			children = (
				C95A6B062A390F73007E3799 /* IndividualDocView.swift */,
				C95A6B082A391640007E3799 /* IndividualDocViewController.swift */,
				C9C52C882A3CE94D00603F8D /* TableViewImageCell.swift */,
			);
			path = "Individual Document";
			sourceTree = "<group>";
		};
		C9C52C952A3D1BFC00603F8D /* Landing Page */ = {
			isa = PBXGroup;
			children = (
				C9C52C962A3D1C2200603F8D /* LandingPageView.swift */,
			);
			path = "Landing Page";
			sourceTree = "<group>";
		};
		C9C6375A2A2C3C6A003CD6D2 /* Custom Elements */ = {
			isa = PBXGroup;
			children = (
				C9C6375F2A2C435A003CD6D2 /* ColorPalette.swift */,
				C92FA7AD2A2F729F00110696 /* CustomButton.swift */,
			);
			path = "Custom Elements";
			sourceTree = "<group>";
		};
		C9C637632A2C43CE003CD6D2 /* Fonts */ = {
			isa = PBXGroup;
			children = (
				C9C637642A2C43DA003CD6D2 /* Imprima-Regular.ttf */,
			);
			path = Fonts;
			sourceTree = "<group>";
		};
		C9EF42CE2A26C5EA0037CEF4 = {
			isa = PBXGroup;
			children = (
				C9C52C862A3CD63A00603F8D /* .gitignore */,
				C92FA7AF2A2F76B800110696 /* ViewUtilites.swift */,
				C9EF42D92A26C5EB0037CEF4 /* traveltrove */,
				C9EF42D82A26C5EB0037CEF4 /* Products */,
			);
			sourceTree = "<group>";
		};
		C9EF42D82A26C5EB0037CEF4 /* Products */ = {
			isa = PBXGroup;
			children = (
				C9EF42D72A26C5EB0037CEF4 /* traveltrove.app */,
			);
			name = Products;
			sourceTree = "<group>";
		};
		C9EF42D92A26C5EB0037CEF4 /* traveltrove */ = {
			isa = PBXGroup;
			children = (
				C9C52C952A3D1BFC00603F8D /* Landing Page */,
				C95A6B052A390F33007E3799 /* Individual Document */,
				C92FA7A92A2F6E1400110696 /* Intro Page */,
				C9C6375A2A2C3C6A003CD6D2 /* Custom Elements */,
				C9EF42DA2A26C5EB0037CEF4 /* AppDelegate.swift */,
				C9EF42DC2A26C5EB0037CEF4 /* SceneDelegate.swift */,
				C9EF42DE2A26C5EB0037CEF4 /* ViewController.swift */,
				C9EF42E02A26C5EB0037CEF4 /* Main.storyboard */,
				C9EF42E32A26C5EC0037CEF4 /* Assets.xcassets */,
				C9EF42E52A26C5EC0037CEF4 /* LaunchScreen.storyboard */,
				C9EF42E82A26C5EC0037CEF4 /* Info.plist */,
				C9C52C8A2A3D075C00603F8D /* GoogleService-Info.plist */,
				C9C637632A2C43CE003CD6D2 /* Fonts */,
			);
			path = traveltrove;
			sourceTree = "<group>";
		};
/* End PBXGroup section */

/* Begin PBXNativeTarget section */
		C9EF42D62A26C5EB0037CEF4 /* traveltrove */ = {
			isa = PBXNativeTarget;
			buildConfigurationList = C9EF42EB2A26C5EC0037CEF4 /* Build configuration list for PBXNativeTarget "traveltrove" */;
			buildPhases = (
				C9EF42D32A26C5EB0037CEF4 /* Sources */,
				C9EF42D42A26C5EB0037CEF4 /* Frameworks */,
				C9EF42D52A26C5EB0037CEF4 /* Resources */,
			);
			buildRules = (
			);
			dependencies = (
			);
			name = traveltrove;
			packageProductDependencies = (
				C9C52C8D2A3D083C00603F8D /* FirebaseAuth */,
				C9C52C8F2A3D083C00603F8D /* FirebaseFirestore */,
				C9C52C912A3D083C00603F8D /* FirebaseFirestoreSwift */,
				C9C52C932A3D083C00603F8D /* FirebaseStorage */,
			);
			productName = traveltrove;
			productReference = C9EF42D72A26C5EB0037CEF4 /* traveltrove.app */;
			productType = "com.apple.product-type.application";
		};
/* End PBXNativeTarget section */

/* Begin PBXProject section */
		C9EF42CF2A26C5EA0037CEF4 /* Project object */ = {
			isa = PBXProject;
			attributes = {
				BuildIndependentTargetsInParallel = 1;
				LastSwiftUpdateCheck = 1420;
				LastUpgradeCheck = 1420;
				TargetAttributes = {
					C9EF42D62A26C5EB0037CEF4 = {
						CreatedOnToolsVersion = 14.2;
					};
				};
			};
			buildConfigurationList = C9EF42D22A26C5EA0037CEF4 /* Build configuration list for PBXProject "traveltrove" */;
			compatibilityVersion = "Xcode 14.0";
			developmentRegion = en;
			hasScannedForEncodings = 0;
			knownRegions = (
				en,
				Base,
			);
			mainGroup = C9EF42CE2A26C5EA0037CEF4;
			packageReferences = (
				C9C52C8C2A3D083C00603F8D /* XCRemoteSwiftPackageReference "firebase-ios-sdk" */,
			);
			productRefGroup = C9EF42D82A26C5EB0037CEF4 /* Products */;
			projectDirPath = "";
			projectRoot = "";
			targets = (
				C9EF42D62A26C5EB0037CEF4 /* traveltrove */,
			);
		};
/* End PBXProject section */

/* Begin PBXResourcesBuildPhase section */
		C9EF42D52A26C5EB0037CEF4 /* Resources */ = {
			isa = PBXResourcesBuildPhase;
			buildActionMask = 2147483647;
			files = (
				C9C52C872A3CD63A00603F8D /* .gitignore in Resources */,
				C9EF42E72A26C5EC0037CEF4 /* LaunchScreen.storyboard in Resources */,
				C9C52C8B2A3D075C00603F8D /* GoogleService-Info.plist in Resources */,
				C9EF42E42A26C5EC0037CEF4 /* Assets.xcassets in Resources */,
				C9EF42E22A26C5EB0037CEF4 /* Main.storyboard in Resources */,
			);
			runOnlyForDeploymentPostprocessing = 0;
		};
/* End PBXResourcesBuildPhase section */

/* Begin PBXSourcesBuildPhase section */
		C9EF42D32A26C5EB0037CEF4 /* Sources */ = {
			isa = PBXSourcesBuildPhase;
			buildActionMask = 2147483647;
			files = (
				C9EF42DF2A26C5EB0037CEF4 /* ViewController.swift in Sources */,
				C9EF42DB2A26C5EB0037CEF4 /* AppDelegate.swift in Sources */,
				C92FA7AE2A2F729F00110696 /* CustomButton.swift in Sources */,
				C9EF42DD2A26C5EB0037CEF4 /* SceneDelegate.swift in Sources */,
				C95A6B092A391640007E3799 /* IndividualDocViewController.swift in Sources */,
				C95A6B072A390F73007E3799 /* IndividualDocView.swift in Sources */,
				C92FA7AB2A2F6E5000110696 /* IntroPageView.swift in Sources */,
				C9C52C972A3D1C2200603F8D /* LandingPageView.swift in Sources */,
				C9C52C892A3CE94D00603F8D /* TableViewImageCell.swift in Sources */,
				C9C637602A2C435A003CD6D2 /* ColorPalette.swift in Sources */,
				C92FA7B02A2F76B800110696 /* ViewUtilites.swift in Sources */,
			);
			runOnlyForDeploymentPostprocessing = 0;
		};
/* End PBXSourcesBuildPhase section */

/* Begin PBXVariantGroup section */
		C9EF42E02A26C5EB0037CEF4 /* Main.storyboard */ = {
			isa = PBXVariantGroup;
			children = (
				C9EF42E12A26C5EB0037CEF4 /* Base */,
			);
			name = Main.storyboard;
			sourceTree = "<group>";
		};
		C9EF42E52A26C5EC0037CEF4 /* LaunchScreen.storyboard */ = {
			isa = PBXVariantGroup;
			children = (
				C9EF42E62A26C5EC0037CEF4 /* Base */,
			);
			name = LaunchScreen.storyboard;
			sourceTree = "<group>";
		};
/* End PBXVariantGroup section */

/* Begin XCBuildConfiguration section */
		C9EF42E92A26C5EC0037CEF4 /* Debug */ = {
			isa = XCBuildConfiguration;
			buildSettings = {
				ALWAYS_SEARCH_USER_PATHS = NO;
				CLANG_ANALYZER_NONNULL = YES;
				CLANG_ANALYZER_NUMBER_OBJECT_CONVERSION = YES_AGGRESSIVE;
				CLANG_CXX_LANGUAGE_STANDARD = "gnu++20";
				CLANG_ENABLE_MODULES = YES;
				CLANG_ENABLE_OBJC_ARC = YES;
				CLANG_ENABLE_OBJC_WEAK = YES;
				CLANG_WARN_BLOCK_CAPTURE_AUTORELEASING = YES;
				CLANG_WARN_BOOL_CONVERSION = YES;
				CLANG_WARN_COMMA = YES;
				CLANG_WARN_CONSTANT_CONVERSION = YES;
				CLANG_WARN_DEPRECATED_OBJC_IMPLEMENTATIONS = YES;
				CLANG_WARN_DIRECT_OBJC_ISA_USAGE = YES_ERROR;
				CLANG_WARN_DOCUMENTATION_COMMENTS = YES;
				CLANG_WARN_EMPTY_BODY = YES;
				CLANG_WARN_ENUM_CONVERSION = YES;
				CLANG_WARN_INFINITE_RECURSION = YES;
				CLANG_WARN_INT_CONVERSION = YES;
				CLANG_WARN_NON_LITERAL_NULL_CONVERSION = YES;
				CLANG_WARN_OBJC_IMPLICIT_RETAIN_SELF = YES;
				CLANG_WARN_OBJC_LITERAL_CONVERSION = YES;
				CLANG_WARN_OBJC_ROOT_CLASS = YES_ERROR;
				CLANG_WARN_QUOTED_INCLUDE_IN_FRAMEWORK_HEADER = YES;
				CLANG_WARN_RANGE_LOOP_ANALYSIS = YES;
				CLANG_WARN_STRICT_PROTOTYPES = YES;
				CLANG_WARN_SUSPICIOUS_MOVE = YES;
				CLANG_WARN_UNGUARDED_AVAILABILITY = YES_AGGRESSIVE;
				CLANG_WARN_UNREACHABLE_CODE = YES;
				CLANG_WARN__DUPLICATE_METHOD_MATCH = YES;
				COPY_PHASE_STRIP = NO;
				DEBUG_INFORMATION_FORMAT = dwarf;
				ENABLE_STRICT_OBJC_MSGSEND = YES;
				ENABLE_TESTABILITY = YES;
				GCC_C_LANGUAGE_STANDARD = gnu11;
				GCC_DYNAMIC_NO_PIC = NO;
				GCC_NO_COMMON_BLOCKS = YES;
				GCC_OPTIMIZATION_LEVEL = 0;
				GCC_PREPROCESSOR_DEFINITIONS = (
					"DEBUG=1",
					"$(inherited)",
				);
				GCC_WARN_64_TO_32_BIT_CONVERSION = YES;
				GCC_WARN_ABOUT_RETURN_TYPE = YES_ERROR;
				GCC_WARN_UNDECLARED_SELECTOR = YES;
				GCC_WARN_UNINITIALIZED_AUTOS = YES_AGGRESSIVE;
				GCC_WARN_UNUSED_FUNCTION = YES;
				GCC_WARN_UNUSED_VARIABLE = YES;
				IPHONEOS_DEPLOYMENT_TARGET = 16.2;
				MTL_ENABLE_DEBUG_INFO = INCLUDE_SOURCE;
				MTL_FAST_MATH = YES;
				ONLY_ACTIVE_ARCH = YES;
				SDKROOT = iphoneos;
				SWIFT_ACTIVE_COMPILATION_CONDITIONS = DEBUG;
				SWIFT_OPTIMIZATION_LEVEL = "-Onone";
			};
			name = Debug;
		};
		C9EF42EA2A26C5EC0037CEF4 /* Release */ = {
			isa = XCBuildConfiguration;
			buildSettings = {
				ALWAYS_SEARCH_USER_PATHS = NO;
				CLANG_ANALYZER_NONNULL = YES;
				CLANG_ANALYZER_NUMBER_OBJECT_CONVERSION = YES_AGGRESSIVE;
				CLANG_CXX_LANGUAGE_STANDARD = "gnu++20";
				CLANG_ENABLE_MODULES = YES;
				CLANG_ENABLE_OBJC_ARC = YES;
				CLANG_ENABLE_OBJC_WEAK = YES;
				CLANG_WARN_BLOCK_CAPTURE_AUTORELEASING = YES;
				CLANG_WARN_BOOL_CONVERSION = YES;
				CLANG_WARN_COMMA = YES;
				CLANG_WARN_CONSTANT_CONVERSION = YES;
				CLANG_WARN_DEPRECATED_OBJC_IMPLEMENTATIONS = YES;
				CLANG_WARN_DIRECT_OBJC_ISA_USAGE = YES_ERROR;
				CLANG_WARN_DOCUMENTATION_COMMENTS = YES;
				CLANG_WARN_EMPTY_BODY = YES;
				CLANG_WARN_ENUM_CONVERSION = YES;
				CLANG_WARN_INFINITE_RECURSION = YES;
				CLANG_WARN_INT_CONVERSION = YES;
				CLANG_WARN_NON_LITERAL_NULL_CONVERSION = YES;
				CLANG_WARN_OBJC_IMPLICIT_RETAIN_SELF = YES;
				CLANG_WARN_OBJC_LITERAL_CONVERSION = YES;
				CLANG_WARN_OBJC_ROOT_CLASS = YES_ERROR;
				CLANG_WARN_QUOTED_INCLUDE_IN_FRAMEWORK_HEADER = YES;
				CLANG_WARN_RANGE_LOOP_ANALYSIS = YES;
				CLANG_WARN_STRICT_PROTOTYPES = YES;
				CLANG_WARN_SUSPICIOUS_MOVE = YES;
				CLANG_WARN_UNGUARDED_AVAILABILITY = YES_AGGRESSIVE;
				CLANG_WARN_UNREACHABLE_CODE = YES;
				CLANG_WARN__DUPLICATE_METHOD_MATCH = YES;
				COPY_PHASE_STRIP = NO;
				DEBUG_INFORMATION_FORMAT = "dwarf-with-dsym";
				ENABLE_NS_ASSERTIONS = NO;
				ENABLE_STRICT_OBJC_MSGSEND = YES;
				GCC_C_LANGUAGE_STANDARD = gnu11;
				GCC_NO_COMMON_BLOCKS = YES;
				GCC_WARN_64_TO_32_BIT_CONVERSION = YES;
				GCC_WARN_ABOUT_RETURN_TYPE = YES_ERROR;
				GCC_WARN_UNDECLARED_SELECTOR = YES;
				GCC_WARN_UNINITIALIZED_AUTOS = YES_AGGRESSIVE;
				GCC_WARN_UNUSED_FUNCTION = YES;
				GCC_WARN_UNUSED_VARIABLE = YES;
				IPHONEOS_DEPLOYMENT_TARGET = 16.2;
				MTL_ENABLE_DEBUG_INFO = NO;
				MTL_FAST_MATH = YES;
				SDKROOT = iphoneos;
				SWIFT_COMPILATION_MODE = wholemodule;
				SWIFT_OPTIMIZATION_LEVEL = "-O";
				VALIDATE_PRODUCT = YES;
			};
			name = Release;
		};
		C9EF42EC2A26C5EC0037CEF4 /* Debug */ = {
			isa = XCBuildConfiguration;
			buildSettings = {
				ASSETCATALOG_COMPILER_APPICON_NAME = AppIcon;
				ASSETCATALOG_COMPILER_GLOBAL_ACCENT_COLOR_NAME = AccentColor;
				CODE_SIGN_STYLE = Automatic;
				CURRENT_PROJECT_VERSION = 1;
				DEVELOPMENT_TEAM = ZA57GG7FU8;
				GENERATE_INFOPLIST_FILE = YES;
				INFOPLIST_FILE = traveltrove/Info.plist;
				INFOPLIST_KEY_UIApplicationSupportsIndirectInputEvents = YES;
				INFOPLIST_KEY_UILaunchStoryboardName = LaunchScreen;
				INFOPLIST_KEY_UIMainStoryboardFile = Main;
				INFOPLIST_KEY_UISupportedInterfaceOrientations_iPad = "UIInterfaceOrientationPortrait UIInterfaceOrientationPortraitUpsideDown UIInterfaceOrientationLandscapeLeft UIInterfaceOrientationLandscapeRight";
				INFOPLIST_KEY_UISupportedInterfaceOrientations_iPhone = "UIInterfaceOrientationPortrait UIInterfaceOrientationLandscapeLeft UIInterfaceOrientationLandscapeRight";
				LD_RUNPATH_SEARCH_PATHS = (
					"$(inherited)",
					"@executable_path/Frameworks",
				);
				MARKETING_VERSION = 1.0;
				PRODUCT_BUNDLE_IDENTIFIER = com.santasweetheart.traveltrove;
				PRODUCT_NAME = "$(TARGET_NAME)";
				SWIFT_EMIT_LOC_STRINGS = YES;
				SWIFT_VERSION = 5.0;
				TARGETED_DEVICE_FAMILY = "1,2";
			};
			name = Debug;
		};
		C9EF42ED2A26C5EC0037CEF4 /* Release */ = {
			isa = XCBuildConfiguration;
			buildSettings = {
				ASSETCATALOG_COMPILER_APPICON_NAME = AppIcon;
				ASSETCATALOG_COMPILER_GLOBAL_ACCENT_COLOR_NAME = AccentColor;
				CODE_SIGN_STYLE = Automatic;
				CURRENT_PROJECT_VERSION = 1;
				DEVELOPMENT_TEAM = ZA57GG7FU8;
				GENERATE_INFOPLIST_FILE = YES;
				INFOPLIST_FILE = traveltrove/Info.plist;
				INFOPLIST_KEY_UIApplicationSupportsIndirectInputEvents = YES;
				INFOPLIST_KEY_UILaunchStoryboardName = LaunchScreen;
				INFOPLIST_KEY_UIMainStoryboardFile = Main;
				INFOPLIST_KEY_UISupportedInterfaceOrientations_iPad = "UIInterfaceOrientationPortrait UIInterfaceOrientationPortraitUpsideDown UIInterfaceOrientationLandscapeLeft UIInterfaceOrientationLandscapeRight";
				INFOPLIST_KEY_UISupportedInterfaceOrientations_iPhone = "UIInterfaceOrientationPortrait UIInterfaceOrientationLandscapeLeft UIInterfaceOrientationLandscapeRight";
				LD_RUNPATH_SEARCH_PATHS = (
					"$(inherited)",
					"@executable_path/Frameworks",
				);
				MARKETING_VERSION = 1.0;
				PRODUCT_BUNDLE_IDENTIFIER = com.santasweetheart.traveltrove;
				PRODUCT_NAME = "$(TARGET_NAME)";
				SWIFT_EMIT_LOC_STRINGS = YES;
				SWIFT_VERSION = 5.0;
				TARGETED_DEVICE_FAMILY = "1,2";
			};
			name = Release;
		};
/* End XCBuildConfiguration section */

/* Begin XCConfigurationList section */
		C9EF42D22A26C5EA0037CEF4 /* Build configuration list for PBXProject "traveltrove" */ = {
			isa = XCConfigurationList;
			buildConfigurations = (
				C9EF42E92A26C5EC0037CEF4 /* Debug */,
				C9EF42EA2A26C5EC0037CEF4 /* Release */,
			);
			defaultConfigurationIsVisible = 0;
			defaultConfigurationName = Release;
		};
		C9EF42EB2A26C5EC0037CEF4 /* Build configuration list for PBXNativeTarget "traveltrove" */ = {
			isa = XCConfigurationList;
			buildConfigurations = (
				C9EF42EC2A26C5EC0037CEF4 /* Debug */,
				C9EF42ED2A26C5EC0037CEF4 /* Release */,
			);
			defaultConfigurationIsVisible = 0;
			defaultConfigurationName = Release;
		};
/* End XCConfigurationList section */

/* Begin XCRemoteSwiftPackageReference section */
		C9C52C8C2A3D083C00603F8D /* XCRemoteSwiftPackageReference "firebase-ios-sdk" */ = {
			isa = XCRemoteSwiftPackageReference;
			repositoryURL = "https://github.com/firebase/firebase-ios-sdk";
			requirement = {
				branch = master;
				kind = branch;
			};
		};
/* End XCRemoteSwiftPackageReference section */

/* Begin XCSwiftPackageProductDependency section */
		C9C52C8D2A3D083C00603F8D /* FirebaseAuth */ = {
			isa = XCSwiftPackageProductDependency;
			package = C9C52C8C2A3D083C00603F8D /* XCRemoteSwiftPackageReference "firebase-ios-sdk" */;
			productName = FirebaseAuth;
		};
		C9C52C8F2A3D083C00603F8D /* FirebaseFirestore */ = {
			isa = XCSwiftPackageProductDependency;
			package = C9C52C8C2A3D083C00603F8D /* XCRemoteSwiftPackageReference "firebase-ios-sdk" */;
			productName = FirebaseFirestore;
		};
		C9C52C912A3D083C00603F8D /* FirebaseFirestoreSwift */ = {
			isa = XCSwiftPackageProductDependency;
			package = C9C52C8C2A3D083C00603F8D /* XCRemoteSwiftPackageReference "firebase-ios-sdk" */;
			productName = FirebaseFirestoreSwift;
		};
		C9C52C932A3D083C00603F8D /* FirebaseStorage */ = {
			isa = XCSwiftPackageProductDependency;
			package = C9C52C8C2A3D083C00603F8D /* XCRemoteSwiftPackageReference "firebase-ios-sdk" */;
			productName = FirebaseStorage;
		};
/* End XCSwiftPackageProductDependency section */
	};
	rootObject = C9EF42CF2A26C5EA0037CEF4 /* Project object */;
}
